
Microsoft Visual Studio Solution File, Format Version 11.00
# Visual Studio 2010
Project("{F184B08F-C81C-45F6-A57F-5ABD9991F28F}") = "contonemil", "contonemil\contonemil.vbproj", "{A6940463-6409-41E0-ABB6-906F1D1E4954}"
EndProject
Global
	GlobalSection(SolutionConfigurationPlatforms) = preSolution
		Debug|x86 = Debug|x86
		Release|x86 = Release|x86
	EndGlobalSection
	GlobalSection(ProjectConfigurationPlatforms) = postSolution
		{A6940463-6409-41E0-ABB6-906F1D1E4954}.Debug|x86.ActiveCfg = Debug|x86
		{A6940463-6409-41E0-ABB6-906F1D1E4954}.Debug|x86.Build.0 = Debug|x86
		{A6940463-6409-41E0-ABB6-906F1D1E4954}.Release|x86.ActiveCfg = Release|x86
		{A6940463-6409-41E0-ABB6-906F1D1E4954}.Release|x86.Build.0 = Release|x86
	EndGlobalSection
	GlobalSection(SolutionProperties) = preSolution
		HideSolutionNode = FALSE
	EndGlobalSection
EndGlobal
